// !$*UTF8*$!
{
	archiveVersion = 1;
	classes = {
	};
	objectVersion = 46;
	objects = {

/* Begin PBXFileReference section */
		2499382619DA7579001CE76D /* Channel Shifter.fs */ = {isa = PBXFileReference; lastKnownFileType = sourcecode.glsl; name = "Channel Shifter.fs"; path = "ISF/Channel Shifter.fs"; sourceTree = "<group>"; };
		24DFA69719D9C129000BFEE2 /* Color Rounder.fs */ = {isa = PBXFileReference; lastKnownFileType = sourcecode.glsl; name = "Color Rounder.fs"; path = "ISF/Color Rounder.fs"; sourceTree = "<group>"; };
		24DFA69819D9C74A000BFEE2 /* Eat Static.fs */ = {isa = PBXFileReference; lastKnownFileType = sourcecode.glsl; name = "Eat Static.fs"; path = "ISF/Eat Static.fs"; sourceTree = "<group>"; };
		24DFA69919D9C8EC000BFEE2 /* Selective Strobe.fs */ = {isa = PBXFileReference; lastKnownFileType = sourcecode.glsl; name = "Selective Strobe.fs"; path = "ISF/Selective Strobe.fs"; sourceTree = "<group>"; };
		24F36C06189D60EB007D2321 /* Acidify.fs */ = {isa = PBXFileReference; lastKnownFileType = sourcecode.glsl; name = Acidify.fs; path = ISF/Acidify.fs; sourceTree = "<group>"; };
		24F36C07189D60EB007D2321 /* Color Replacement.fs */ = {isa = PBXFileReference; lastKnownFileType = sourcecode.glsl; name = "Color Replacement.fs"; path = "ISF/Color Replacement.fs"; sourceTree = "<group>"; };
		24F36C08189D60EB007D2321 /* Earthquake.fs */ = {isa = PBXFileReference; lastKnownFileType = sourcecode.glsl; name = Earthquake.fs; path = ISF/Earthquake.fs; sourceTree = "<group>"; };
		24F36C09189D60EB007D2321 /* Pixel Randomizer.fs */ = {isa = PBXFileReference; lastKnownFileType = sourcecode.glsl; name = "Pixel Randomizer.fs"; path = "ISF/Pixel Randomizer.fs"; sourceTree = "<group>"; };
/* End PBXFileReference section */

/* Begin PBXGroup section */
		24922A5B189D5D27007CA094 = {
			isa = PBXGroup;
			children = (
				24F36C06189D60EB007D2321 /* Acidify.fs */,
				2499382619DA7579001CE76D /* Channel Shifter.fs */,
				24F36C07189D60EB007D2321 /* Color Replacement.fs */,
				24DFA69719D9C129000BFEE2 /* Color Rounder.fs */,
				24F36C08189D60EB007D2321 /* Earthquake.fs */,
				24DFA69819D9C74A000BFEE2 /* Eat Static.fs */,
				24F36C09189D60EB007D2321 /* Pixel Randomizer.fs */,
				24DFA69919D9C8EC000BFEE2 /* Selective Strobe.fs */,
			);
			sourceTree = "<group>";
		};
/* End PBXGroup section */

/* Begin PBXProject section */
		24922A5C189D5D27007CA094 /* Project object */ = {
			isa = PBXProject;
			attributes = {
				LastUpgradeCheck = 0500;
			};
			buildConfigurationList = 24922A5F189D5D27007CA094 /* Build configuration list for PBXProject "VDMX-Shaders" */;
			compatibilityVersion = "Xcode 3.2";
			developmentRegion = English;
			hasScannedForEncodings = 0;
			knownRegions = (
				en,
			);
			mainGroup = 24922A5B189D5D27007CA094;
			projectDirPath = "";
			projectRoot = "";
			targets = (
			);
		};
/* End PBXProject section */

/* Begin XCBuildConfiguration section */
		24922A60189D5D27007CA094 /* Debug */ = {
			isa = XCBuildConfiguration;
			buildSettings = {
			};
			name = Debug;
		};
		24922A61189D5D27007CA094 /* Release */ = {
			isa = XCBuildConfiguration;
			buildSettings = {
			};
			name = Release;
		};
/* End XCBuildConfiguration section */

/* Begin XCConfigurationList section */
		24922A5F189D5D27007CA094 /* Build configuration list for PBXProject "VDMX-Shaders" */ = {
			isa = XCConfigurationList;
			buildConfigurations = (
				24922A60189D5D27007CA094 /* Debug */,
				24922A61189D5D27007CA094 /* Release */,
			);
			defaultConfigurationIsVisible = 0;
			defaultConfigurationName = Release;
		};
/* End XCConfigurationList section */
	};
	rootObject = 24922A5C189D5D27007CA094 /* Project object */;
}
